// !$*UTF8*$!
{
	archiveVersion = 1;
	classes = {
	};
	objectVersion = 48;
	objects = {

/* Begin PBXBuildFile section */
		C497C75B20901D4600F16EC5 /* CBPNet.cpp in Sources */ = {isa = PBXBuildFile; fileRef = C497C75920901D4600F16EC5 /* CBPNet.cpp */; };
		C4D87507206D1BFB00ADA09C /* main.cpp in Sources */ = {isa = PBXBuildFile; fileRef = C4D87506206D1BFB00ADA09C /* main.cpp */; };
		C4D8750F206D1CC700ADA09C /* SBPNN.cpp in Sources */ = {isa = PBXBuildFile; fileRef = C4D8750D206D1CC700ADA09C /* SBPNN.cpp */; };
/* End PBXBuildFile section */

/* Begin PBXCopyFilesBuildPhase section */
		C4D87501206D1BFB00ADA09C /* CopyFiles */ = {
			isa = PBXCopyFilesBuildPhase;
			buildActionMask = 2147483647;
			dstPath = /usr/share/man/man1/;
			dstSubfolderSpec = 0;
			files = (
			);
			runOnlyForDeploymentPostprocessing = 1;
		};
/* End PBXCopyFilesBuildPhase section */

/* Begin PBXFileReference section */
		C497C75920901D4600F16EC5 /* CBPNet.cpp */ = {isa = PBXFileReference; lastKnownFileType = sourcecode.cpp.cpp; path = CBPNet.cpp; sourceTree = "<group>"; };
		C497C75A20901D4600F16EC5 /* CBPNet.hpp */ = {isa = PBXFileReference; lastKnownFileType = sourcecode.cpp.h; path = CBPNet.hpp; sourceTree = "<group>"; };
		C4AE44492081028500303995 /* sample_data */ = {isa = PBXFileReference; lastKnownFileType = text; path = sample_data; sourceTree = "<group>"; };
		C4D87503206D1BFB00ADA09C /* SBPNN */ = {isa = PBXFileReference; explicitFileType = "compiled.mach-o.executable"; includeInIndex = 0; path = SBPNN; sourceTree = BUILT_PRODUCTS_DIR; };
		C4D87506206D1BFB00ADA09C /* main.cpp */ = {isa = PBXFileReference; lastKnownFileType = sourcecode.cpp.cpp; path = main.cpp; sourceTree = "<group>"; };
		C4D8750D206D1CC700ADA09C /* SBPNN.cpp */ = {isa = PBXFileReference; lastKnownFileType = sourcecode.cpp.cpp; path = SBPNN.cpp; sourceTree = "<group>"; };
		C4D8750E206D1CC700ADA09C /* SBPNN.hpp */ = {isa = PBXFileReference; lastKnownFileType = sourcecode.cpp.h; path = SBPNN.hpp; sourceTree = "<group>"; };
/* End PBXFileReference section */

/* Begin PBXFrameworksBuildPhase section */
		C4D87500206D1BFB00ADA09C /* Frameworks */ = {
			isa = PBXFrameworksBuildPhase;
			buildActionMask = 2147483647;
			files = (
			);
			runOnlyForDeploymentPostprocessing = 0;
		};
/* End PBXFrameworksBuildPhase section */

/* Begin PBXGroup section */
		C4D874FA206D1BFB00ADA09C = {
			isa = PBXGroup;
			children = (
				C4D87505206D1BFB00ADA09C /* SBPNN */,
				C4D87504206D1BFB00ADA09C /* Products */,
			);
			sourceTree = "<group>";
		};
		C4D87504206D1BFB00ADA09C /* Products */ = {
			isa = PBXGroup;
			children = (
				C4D87503206D1BFB00ADA09C /* SBPNN */,
			);
			name = Products;
			sourceTree = "<group>";
		};
		C4D87505206D1BFB00ADA09C /* SBPNN */ = {
			isa = PBXGroup;
			children = (
				C497C75920901D4600F16EC5 /* CBPNet.cpp */,
				C497C75A20901D4600F16EC5 /* CBPNet.hpp */,
				C4D87506206D1BFB00ADA09C /* main.cpp */,
				C4D8750D206D1CC700ADA09C /* SBPNN.cpp */,
				C4AE44492081028500303995 /* sample_data */,
				C4D8750E206D1CC700ADA09C /* SBPNN.hpp */,
			);
			path = SBPNN;
			sourceTree = "<group>";
		};
/* End PBXGroup section */

/* Begin PBXNativeTarget section */
		C4D87502206D1BFB00ADA09C /* SBPNN */ = {
			isa = PBXNativeTarget;
			buildConfigurationList = C4D8750A206D1BFB00ADA09C /* Build configuration list for PBXNativeTarget "SBPNN" */;
			buildPhases = (
				C4D874FF206D1BFB00ADA09C /* Sources */,
				C4D87500206D1BFB00ADA09C /* Frameworks */,
				C4D87501206D1BFB00ADA09C /* CopyFiles */,
			);
			buildRules = (
			);
			dependencies = (
			);
			name = SBPNN;
			productName = SBPNN;
			productReference = C4D87503206D1BFB00ADA09C /* SBPNN */;
			productType = "com.apple.product-type.tool";
		};
/* End PBXNativeTarget section */

/* Begin PBXProject section */
		C4D874FB206D1BFB00ADA09C /* Project object */ = {
			isa = PBXProject;
			attributes = {
				LastUpgradeCheck = 0930;
				ORGANIZATIONNAME = "Jerry Zhang";
				TargetAttributes = {
					C4D87502206D1BFB00ADA09C = {
						CreatedOnToolsVersion = 9.2;
						ProvisioningStyle = Automatic;
					};
				};
			};
			buildConfigurationList = C4D874FE206D1BFB00ADA09C /* Build configuration list for PBXProject "SBPNN" */;
			compatibilityVersion = "Xcode 8.0";
			developmentRegion = en;
			hasScannedForEncodings = 0;
			knownRegions = (
				en,
			);
			mainGroup = C4D874FA206D1BFB00ADA09C;
			productRefGroup = C4D87504206D1BFB00ADA09C /* Products */;
			projectDirPath = "";
			projectRoot = "";
			targets = (
				C4D87502206D1BFB00ADA09C /* SBPNN */,
			);
		};
/* End PBXProject section */

/* Begin PBXSourcesBuildPhase section */
		C4D874FF206D1BFB00ADA09C /* Sources */ = {
			isa = PBXSourcesBuildPhase;
			buildActionMask = 2147483647;
			files = (
				C4D87507206D1BFB00ADA09C /* main.cpp in Sources */,
				C497C75B20901D4600F16EC5 /* CBPNet.cpp in Sources */,
				C4D8750F206D1CC700ADA09C /* SBPNN.cpp in Sources */,
			);
			runOnlyForDeploymentPostprocessing = 0;
		};
/* End PBXSourcesBuildPhase section */

/* Begin XCBuildConfiguration section */
		C4D87508206D1BFB00ADA09C /* Debug */ = {
			isa = XCBuildConfiguration;
			buildSettings = {
				ALWAYS_SEARCH_USER_PATHS = NO;
				CLANG_ANALYZER_NONNULL = YES;
				CLANG_ANALYZER_NUMBER_OBJECT_CONVERSION = YES_AGGRESSIVE;
				CLANG_CXX_LANGUAGE_STANDARD = "gnu++14";
				CLANG_CXX_LIBRARY = "libc++";
				CLANG_ENABLE_MODULES = YES;
				CLANG_ENABLE_OBJC_ARC = YES;
				CLANG_WARN_BLOCK_CAPTURE_AUTORELEASING = YES;
				CLANG_WARN_BOOL_CONVERSION = YES;
				CLANG_WARN_COMMA = YES;
				CLANG_WARN_CONSTANT_CONVERSION = YES;
				CLANG_WARN_DEPRECATED_OBJC_IMPLEMENTATIONS = YES;
				CLANG_WARN_DIRECT_OBJC_ISA_USAGE = YES_ERROR;
				CLANG_WARN_DOCUMENTATION_COMMENTS = YES;
				CLANG_WARN_EMPTY_BODY = YES;
				CLANG_WARN_ENUM_CONVERSION = YES;
				CLANG_WARN_INFINITE_RECURSION = YES;
				CLANG_WARN_INT_CONVERSION = YES;
				CLANG_WARN_NON_LITERAL_NULL_CONVERSION = YES;
				CLANG_WARN_OBJC_IMPLICIT_RETAIN_SELF = YES;
				CLANG_WARN_OBJC_LITERAL_CONVERSION = YES;
				CLANG_WARN_OBJC_ROOT_CLASS = YES_ERROR;
				CLANG_WARN_RANGE_LOOP_ANALYSIS = YES;
				CLANG_WARN_STRICT_PROTOTYPES = YES;
				CLANG_WARN_SUSPICIOUS_MOVE = YES;
				CLANG_WARN_UNGUARDED_AVAILABILITY = YES_AGGRESSIVE;
				CLANG_WARN_UNREACHABLE_CODE = YES;
				CLANG_WARN__DUPLICATE_METHOD_MATCH = YES;
				CODE_SIGN_IDENTITY = "Mac Developer";
				COPY_PHASE_STRIP = NO;
				DEBUG_INFORMATION_FORMAT = dwarf;
				ENABLE_STRICT_OBJC_MSGSEND = YES;
				ENABLE_TESTABILITY = YES;
				GCC_C_LANGUAGE_STANDARD = gnu11;
				GCC_DYNAMIC_NO_PIC = NO;
				GCC_NO_COMMON_BLOCKS = YES;
				GCC_OPTIMIZATION_LEVEL = 0;
				GCC_PREPROCESSOR_DEFINITIONS = (
					"DEBUG=1",
					"$(inherited)",
				);
				GCC_WARN_64_TO_32_BIT_CONVERSION = YES;
				GCC_WARN_ABOUT_RETURN_TYPE = YES_ERROR;
				GCC_WARN_UNDECLARED_SELECTOR = YES;
				GCC_WARN_UNINITIALIZED_AUTOS = YES_AGGRESSIVE;
				GCC_WARN_UNUSED_FUNCTION = YES;
				GCC_WARN_UNUSED_VARIABLE = YES;
				MACOSX_DEPLOYMENT_TARGET = 10.13;
				MTL_ENABLE_DEBUG_INFO = YES;
				ONLY_ACTIVE_ARCH = YES;
				SDKROOT = macosx;
			};
			name = Debug;
		};
		C4D87509206D1BFB00ADA09C /* Release */ = {
			isa = XCBuildConfiguration;
			buildSettings = {
				ALWAYS_SEARCH_USER_PATHS = NO;
				CLANG_ANALYZER_NONNULL = YES;
				CLANG_ANALYZER_NUMBER_OBJECT_CONVERSION = YES_AGGRESSIVE;
				CLANG_CXX_LANGUAGE_STANDARD = "gnu++14";
				CLANG_CXX_LIBRARY = "libc++";
				CLANG_ENABLE_MODULES = YES;
				CLANG_ENABLE_OBJC_ARC = YES;
				CLANG_WARN_BLOCK_CAPTURE_AUTORELEASING = YES;
				CLANG_WARN_BOOL_CONVERSION = YES;
				CLANG_WARN_COMMA = YES;
				CLANG_WARN_CONSTANT_CONVERSION = YES;
				CLANG_WARN_DEPRECATED_OBJC_IMPLEMENTATIONS = YES;
				CLANG_WARN_DIRECT_OBJC_ISA_USAGE = YES_ERROR;
				CLANG_WARN_DOCUMENTATION_COMMENTS = YES;
				CLANG_WARN_EMPTY_BODY = YES;
				CLANG_WARN_ENUM_CONVERSION = YES;
				CLANG_WARN_INFINITE_RECURSION = YES;
				CLANG_WARN_INT_CONVERSION = YES;
				CLANG_WARN_NON_LITERAL_NULL_CONVERSION = YES;
				CLANG_WARN_OBJC_IMPLICIT_RETAIN_SELF = YES;
				CLANG_WARN_OBJC_LITERAL_CONVERSION = YES;
				CLANG_WARN_OBJC_ROOT_CLASS = YES_ERROR;
				CLANG_WARN_RANGE_LOOP_ANALYSIS = YES;
				CLANG_WARN_STRICT_PROTOTYPES = YES;
				CLANG_WARN_SUSPICIOUS_MOVE = YES;
				CLANG_WARN_UNGUARDED_AVAILABILITY = YES_AGGRESSIVE;
				CLANG_WARN_UNREACHABLE_CODE = YES;
				CLANG_WARN__DUPLICATE_METHOD_MATCH = YES;
				CODE_SIGN_IDENTITY = "Mac Developer";
				COPY_PHASE_STRIP = NO;
				DEBUG_INFORMATION_FORMAT = "dwarf-with-dsym";
				ENABLE_NS_ASSERTIONS = NO;
				ENABLE_STRICT_OBJC_MSGSEND = YES;
				GCC_C_LANGUAGE_STANDARD = gnu11;
				GCC_NO_COMMON_BLOCKS = YES;
				GCC_WARN_64_TO_32_BIT_CONVERSION = YES;
				GCC_WARN_ABOUT_RETURN_TYPE = YES_ERROR;
				GCC_WARN_UNDECLARED_SELECTOR = YES;
				GCC_WARN_UNINITIALIZED_AUTOS = YES_AGGRESSIVE;
				GCC_WARN_UNUSED_FUNCTION = YES;
				GCC_WARN_UNUSED_VARIABLE = YES;
				MACOSX_DEPLOYMENT_TARGET = 10.13;
				MTL_ENABLE_DEBUG_INFO = NO;
				SDKROOT = macosx;
			};
			name = Release;
		};
		C4D8750B206D1BFB00ADA09C /* Debug */ = {
			isa = XCBuildConfiguration;
			buildSettings = {
				CODE_SIGN_STYLE = Automatic;
				DEVELOPMENT_TEAM = 9D3G8QJ2WE;
				PRODUCT_NAME = "$(TARGET_NAME)";
			};
			name = Debug;
		};
		C4D8750C206D1BFB00ADA09C /* Release */ = {
			isa = XCBuildConfiguration;
			buildSettings = {
				CODE_SIGN_STYLE = Automatic;
				DEVELOPMENT_TEAM = 9D3G8QJ2WE;
				PRODUCT_NAME = "$(TARGET_NAME)";
			};
			name = Release;
		};
/* End XCBuildConfiguration section */

/* Begin XCConfigurationList section */
		C4D874FE206D1BFB00ADA09C /* Build configuration list for PBXProject "SBPNN" */ = {
			isa = XCConfigurationList;
			buildConfigurations = (
				C4D87508206D1BFB00ADA09C /* Debug */,
				C4D87509206D1BFB00ADA09C /* Release */,
			);
			defaultConfigurationIsVisible = 0;
			defaultConfigurationName = Release;
		};
		C4D8750A206D1BFB00ADA09C /* Build configuration list for PBXNativeTarget "SBPNN" */ = {
			isa = XCConfigurationList;
			buildConfigurations = (
				C4D8750B206D1BFB00ADA09C /* Debug */,
				C4D8750C206D1BFB00ADA09C /* Release */,
			);
			defaultConfigurationIsVisible = 0;
			defaultConfigurationName = Release;
		};
/* End XCConfigurationList section */
	};
	rootObject = C4D874FB206D1BFB00ADA09C /* Project object */;
}
